{
  "name": "mercury_ide",
  "version": "0.9.9",
  "lockfileVersion": 1,
  "requires": true,
  "dependencies": {
    "@tonaljs/abc-notation": {
      "version": "3.5.0",
      "resolved": "https://registry.npmjs.org/@tonaljs/abc-notation/-/abc-notation-3.5.0.tgz",
      "integrity": "sha512-gxECJbFk3Tyun87fqeGP6DVtNijx4nHEl5A77s/xwAwR3MhnvR8nPsOpHjWb4y9V0Msu2N+JMiUyOr+vzKHcFQ==",
      "requires": {
        "@tonaljs/core": "^3.5.0"
      }
    },
    "@tonaljs/array": {
      "version": "3.2.5",
      "resolved": "https://registry.npmjs.org/@tonaljs/array/-/array-3.2.5.tgz",
      "integrity": "sha512-8It+4lUFeG0gUyPIL6t/MXwJPMMAgSN2drHR5Dug5ZmBctr8TmKPwiED5VW7SMPeLnVCWfgTkufbvdBS4cdLjg==",
      "requires": {
        "@tonaljs/core": "^3.5.0"
      }
    },
    "@tonaljs/chord": {
      "version": "3.5.1",
      "resolved": "https://registry.npmjs.org/@tonaljs/chord/-/chord-3.5.1.tgz",
      "integrity": "sha512-71jfhME+r8/W29nN7WzlpAiQzY2FLJ0LkbHgEiyoqE8RaAycBn5wigKfX7bGTSTkNejv+jicGd9psZ/cFNw8NA==",
      "requires": {
        "@tonaljs/chord-detect": "^3.5.1",
        "@tonaljs/chord-type": "^3.5.1",
        "@tonaljs/collection": "^3.5.0",
        "@tonaljs/core": "^3.5.0",
        "@tonaljs/pcset": "^3.5.0",
        "@tonaljs/scale-type": "^3.5.0"
      }
    },
    "@tonaljs/chord-detect": {
      "version": "3.5.1",
      "resolved": "https://registry.npmjs.org/@tonaljs/chord-detect/-/chord-detect-3.5.1.tgz",
      "integrity": "sha512-nHf6yrEE17nbKegste36OzI5qvhdwEXlXVmupTl3fXn37pe5Uv1aYwqeiG5thixGcN5Qs3eAX0+543Tlz9o5aQ==",
      "requires": {
        "@tonaljs/chord-type": "^3.5.1",
        "@tonaljs/core": "^3.5.0",
        "@tonaljs/pcset": "^3.5.0"
      }
    },
    "@tonaljs/chord-type": {
      "version": "3.5.1",
      "resolved": "https://registry.npmjs.org/@tonaljs/chord-type/-/chord-type-3.5.1.tgz",
      "integrity": "sha512-tngP0wpBYBbH2Sge8jRMALTodQKYHcIlAPdBP6E320SlhdsQGrnaU6k3ngewSC6Jtv4w159vc40QiKZ6usLNtA==",
      "requires": {
        "@tonaljs/core": "^3.5.0",
        "@tonaljs/pcset": "^3.5.0"
      }
    },
    "@tonaljs/collection": {
      "version": "3.5.0",
      "resolved": "https://registry.npmjs.org/@tonaljs/collection/-/collection-3.5.0.tgz",
      "integrity": "sha512-Y1p5IzKV43dkQR1fzbQU3I6KYP0o+H2Yo5klEbLp5hh5vZpa/NPHRYnJOxjdejL+C3Pl47oLc1UgK1HG7dwYUA=="
    },
    "@tonaljs/core": {
      "version": "3.5.0",
      "resolved": "https://registry.npmjs.org/@tonaljs/core/-/core-3.5.0.tgz",
      "integrity": "sha512-GVhtW3UDVS/mvC3bRp18BoQtUP+wmEROT0WHmCEBoyQQcYFDmtqkHDvSs065tq+1QuaMY77nxHXsC067oBivaQ=="
    },
    "@tonaljs/duration-value": {
      "version": "3.6.0",
      "resolved": "https://registry.npmjs.org/@tonaljs/duration-value/-/duration-value-3.6.0.tgz",
      "integrity": "sha512-rhiqaWvYBmzBP3nI8ScykyuofcL77PcbFLku8ftKIo3SU07D+plWkIipqR9GYykAjk/4ST3mKBEoJB1Q2qPKDA=="
    },
    "@tonaljs/interval": {
      "version": "3.5.0",
      "resolved": "https://registry.npmjs.org/@tonaljs/interval/-/interval-3.5.0.tgz",
      "integrity": "sha512-G9CbhXoPnepoIn1ZwXA6ZTW6CkttM72PNhJ9o8wpnAtLsuFrPgE8YgwlcfhbVc5rfKqQjz/6bqMdTBvKw+FJ3g==",
      "requires": {
        "@tonaljs/core": "^3.5.0"
      }
    },
    "@tonaljs/key": {
      "version": "3.5.1",
      "resolved": "https://registry.npmjs.org/@tonaljs/key/-/key-3.5.1.tgz",
      "integrity": "sha512-FW3eB3KYpCryT9Mm9XJuZf4eBlrAEA28fh4SecoI9T4WZbGdExGe1xWkCGY7rVcHe/Xg33vnwpGRlFiCeDs88Q==",
      "requires": {
        "@tonaljs/core": "^3.5.0",
        "@tonaljs/note": "^3.5.0",
        "@tonaljs/roman-numeral": "^3.5.0"
      }
    },
    "@tonaljs/midi": {
      "version": "3.5.0",
      "resolved": "https://registry.npmjs.org/@tonaljs/midi/-/midi-3.5.0.tgz",
      "integrity": "sha512-9UUzlDYLwVOlo/GlAN8zzT3HAA/VqRFeE3DqZhpRRu2NYnVrnc3LOUzh28japBOoU0mDKLRk8FVhKriLfDuXdQ==",
      "requires": {
        "@tonaljs/core": "^3.5.0"
      }
    },
    "@tonaljs/mode": {
      "version": "3.5.0",
      "resolved": "https://registry.npmjs.org/@tonaljs/mode/-/mode-3.5.0.tgz",
      "integrity": "sha512-cBgecTDyZD678v5Ct5Y6Bh8FWNnCgHntjsAdKD9vpEsPYx750tgzNo8ZzmdPis6XtpeQz3aEVt2jnZyl955I6A==",
      "requires": {
        "@tonaljs/core": "^3.5.0",
        "@tonaljs/pcset": "^3.5.0"
      }
    },
    "@tonaljs/note": {
      "version": "3.5.0",
      "resolved": "https://registry.npmjs.org/@tonaljs/note/-/note-3.5.0.tgz",
      "integrity": "sha512-QiqJI00JLaXFOp11Nr2HGlYbaqSpAtK7cxr7WwWxl0SldYsoGyQpUMONqLELJh81rbgoIgqLd1dkQeT0o84QwQ==",
      "requires": {
        "@tonaljs/core": "^3.5.0",
        "@tonaljs/midi": "^3.5.0"
      }
    },
    "@tonaljs/pcset": {
      "version": "3.5.0",
      "resolved": "https://registry.npmjs.org/@tonaljs/pcset/-/pcset-3.5.0.tgz",
      "integrity": "sha512-nxr+jxvoDTEsJ1zR/pm6xCjC/6I9cXPw6YuFKA9eJgi0fft25fNLxSeNnreaan7gQ+NDI8e6IffHwruc9rlNjw==",
      "requires": {
        "@tonaljs/collection": "^3.5.0",
        "@tonaljs/core": "^3.5.0"
      }
    },
    "@tonaljs/progression": {
      "version": "3.5.1",
      "resolved": "https://registry.npmjs.org/@tonaljs/progression/-/progression-3.5.1.tgz",
      "integrity": "sha512-xeSJ77k/MaXirAE74YeRITi57Pm254ZCKdzOrtVqYBJz/WN8XggbpWReSAVkj7nBOukcv4V2f7Y1nyqdI2Ykqw==",
      "requires": {
        "@tonaljs/chord": "^3.5.1",
        "@tonaljs/core": "^3.5.0",
        "@tonaljs/roman-numeral": "^3.5.0"
      }
    },
    "@tonaljs/range": {
      "version": "3.5.0",
      "resolved": "https://registry.npmjs.org/@tonaljs/range/-/range-3.5.0.tgz",
      "integrity": "sha512-rR4kvRqWiPsweGWijkRow1kYkIP4lsg3gucziIBvLx0TT8wtQmgWLRaevDh79+mVfjSPU6Uvjke0XFMLaqTvCg==",
      "requires": {
        "@tonaljs/collection": "^3.5.0",
        "@tonaljs/midi": "^3.5.0"
      }
    },
    "@tonaljs/roman-numeral": {
      "version": "3.5.0",
      "resolved": "https://registry.npmjs.org/@tonaljs/roman-numeral/-/roman-numeral-3.5.0.tgz",
      "integrity": "sha512-DXuupn8/uQWUhLXg//aYJJ3P2uirDdyd3pp4e7JkqNxaCDjjJNziZdaoItMl7NWMqZvTlKoIxxf9ojecZcyuEA==",
      "requires": {
        "@tonaljs/core": "^3.5.0"
      }
    },
    "@tonaljs/scale": {
      "version": "3.5.1",
      "resolved": "https://registry.npmjs.org/@tonaljs/scale/-/scale-3.5.1.tgz",
      "integrity": "sha512-+1nGkuLFWiSy82vgASUhDFqDegH6sWZpIRJsvoyjU/aQoAKyN6cw71nak6kPeR4M0+UQ17B8zgybBSVaE7pEEw==",
      "requires": {
        "@tonaljs/chord-type": "^3.5.1",
        "@tonaljs/collection": "^3.5.0",
        "@tonaljs/core": "^3.5.0",
        "@tonaljs/note": "^3.5.0",
        "@tonaljs/pcset": "^3.5.0",
        "@tonaljs/scale-type": "^3.5.0"
      }
    },
    "@tonaljs/scale-type": {
      "version": "3.5.0",
      "resolved": "https://registry.npmjs.org/@tonaljs/scale-type/-/scale-type-3.5.0.tgz",
      "integrity": "sha512-mfFNH8dGWvfX5mcH0ppFPX1w7a6+Wkn2OKiPBqqKQO/LWaNvcXJIPC/xQBUKw9uRTFg2eDQ9P9Lw2r/CaJ8cLg==",
      "requires": {
        "@tonaljs/core": "^3.5.0",
        "@tonaljs/pcset": "^3.5.0"
      }
    },
    "@tonaljs/tonal": {
      "version": "3.6.0",
      "resolved": "https://registry.npmjs.org/@tonaljs/tonal/-/tonal-3.6.0.tgz",
      "integrity": "sha512-9z5Cn8zG0AdI5LDAm1nSR/ZqekGvUCBhpc4cnMY5L2gfFfzXdmJNjrC3pERYO6uMAb/ft9qteD1NFWo5E5f0Pw==",
      "requires": {
        "@tonaljs/abc-notation": "^3.5.0",
        "@tonaljs/array": "^3.2.5",
        "@tonaljs/chord": "^3.5.1",
        "@tonaljs/chord-type": "^3.5.1",
        "@tonaljs/collection": "^3.5.0",
        "@tonaljs/core": "^3.5.0",
        "@tonaljs/duration-value": "^3.6.0",
        "@tonaljs/interval": "^3.5.0",
        "@tonaljs/key": "^3.5.1",
        "@tonaljs/midi": "^3.5.0",
        "@tonaljs/mode": "^3.5.0",
        "@tonaljs/note": "^3.5.0",
        "@tonaljs/pcset": "^3.5.0",
        "@tonaljs/progression": "^3.5.1",
        "@tonaljs/range": "^3.5.0",
        "@tonaljs/roman-numeral": "^3.5.0",
        "@tonaljs/scale": "^3.5.1",
        "@tonaljs/scale-type": "^3.5.0"
      }
    },
    "at-least-node": {
      "version": "1.0.0",
      "resolved": "https://registry.npmjs.org/at-least-node/-/at-least-node-1.0.0.tgz",
      "integrity": "sha512-+q/t7Ekv1EDY2l6Gda6LLiX14rU9TV20Wa3ofeQmwPFZbOMo9DXrLbOjFaaclkXKWidIaopwAObQDqwWtGUjqg=="
    },
    "bignumber.js": {
      "version": "9.0.0",
      "resolved": "https://registry.npmjs.org/bignumber.js/-/bignumber.js-9.0.0.tgz",
      "integrity": "sha512-t/OYhhJ2SD+YGBQcjY8GzzDHEk9f3nerxjtfa6tlMXfe7frs/WozhvCNoGvpM0P3bNf3Gq5ZRMlGr5f3r4/N8A=="
    },
    "fs-extra": {
      "version": "9.0.0",
      "resolved": "https://registry.npmjs.org/fs-extra/-/fs-extra-9.0.0.tgz",
      "integrity": "sha512-pmEYSk3vYsG/bF651KPUXZ+hvjpgWYw/Gc7W9NFUe3ZVLczKKWIij3IKpOrQcdw4TILtibFslZ0UmR8Vvzig4g==",
      "requires": {
        "at-least-node": "^1.0.0",
        "graceful-fs": "^4.2.0",
        "jsonfile": "^6.0.1",
        "universalify": "^1.0.0"
      },
      "dependencies": {
        "jsonfile": {
          "version": "6.0.1",
          "resolved": "https://registry.npmjs.org/jsonfile/-/jsonfile-6.0.1.tgz",
          "integrity": "sha512-jR2b5v7d2vIOust+w3wtFKZIfpC2pnRmFAhAC/BuweZFQR8qZzxH1OyrQ10HmdVYiXWkYUqPVsz91cG7EL2FBg==",
          "requires": {
            "graceful-fs": "^4.1.6",
            "universalify": "^1.0.0"
          }
        },
        "universalify": {
          "version": "1.0.0",
          "resolved": "https://registry.npmjs.org/universalify/-/universalify-1.0.0.tgz",
          "integrity": "sha512-rb6X1W158d7pRQBg5gkR8uPaSfiids68LTJQYOtEUhoJUWBdaQHsuT/EUduxXYxcrt4r5PJ4fuHW1MHT6p0qug=="
        }
      }
    },
    "graceful-fs": {
      "version": "4.2.3",
      "resolved": "https://registry.npmjs.org/graceful-fs/-/graceful-fs-4.2.3.tgz",
      "integrity": "sha512-a30VEBm4PEdx1dRB7MFK7BejejvCvBronbLjht+sHuGYj8PHs7M/5Z+rt5lw551vZ7yfTCj4Vuyy3mSJytDWRQ=="
    },
    "jsonfile": {
      "version": "5.0.0",
      "resolved": "https://registry.npmjs.org/jsonfile/-/jsonfile-5.0.0.tgz",
      "integrity": "sha512-NQRZ5CRo74MhMMC3/3r5g2k4fjodJ/wh8MxjFbCViWKFjxrnudWSY5vomh+23ZaXzAS7J3fBZIR2dV6WbmfM0w==",
      "requires": {
        "graceful-fs": "^4.1.6",
        "universalify": "^0.1.2"
      }
    },
    "moo": {
      "version": "0.5.1",
      "resolved": "https://registry.npmjs.org/moo/-/moo-0.5.1.tgz",
      "integrity": "sha512-I1mnb5xn4fO80BH9BLcF0yLypy2UKl+Cb01Fu0hJRkJjlCRtxZMWkTdAtDd5ZqCOxtCkhmRwyI57vWT+1iZ67w=="
    },
    "seedrandom": {
      "version": "3.0.5",
      "resolved": "https://registry.npmjs.org/seedrandom/-/seedrandom-3.0.5.tgz",
      "integrity": "sha512-8OwmbklUNzwezjGInmZ+2clQmExQPvomqjL7LFqOYqtmuxRgQYqOD3mHaU+MvZn5FLUeVxVfQjwLZW/n/JFuqg=="
    },
    "total-serialism": {
      "version": "1.6.8",
      "resolved": "https://registry.npmjs.org/total-serialism/-/total-serialism-1.6.8.tgz",
      "integrity": "sha512-JYjbsd3eO0LXK7a9ywGhTfv+6fgvxz3wArJNqajo+UXaSfpvgyGweCjHkBmlleaxvQnPbUVwXfMBdtTC5RAX4A==",
      "requires": {
        "@tonaljs/tonal": "^3.6.0",
        "bignumber.js": "^9.0.0",
        "jsonfile": "^5.0.0",
        "seedrandom": "^3.0.5"
      }
    },
    "universalify": {
      "version": "0.1.2",
      "resolved": "https://registry.npmjs.org/universalify/-/universalify-0.1.2.tgz",
      "integrity": "sha512-rBJeI5CXAlmy1pV+617WB9J63U6XcazHHF2f2dbJix4XzpUF0RS3Zbj0FGIOCAva5P/d/GBOYaACQ1w+0azUkg=="
    }
  }
}
