{
  "name": "mercury_ide",
  "version": "0.9.9",
  "lockfileVersion": 1,
  "requires": true,
  "dependencies": {
    "@nodelib/fs.scandir": {
      "version": "2.1.3",
      "resolved": "https://registry.npmjs.org/@nodelib/fs.scandir/-/fs.scandir-2.1.3.tgz",
      "integrity": "sha512-eGmwYQn3gxo4r7jdQnkrrN6bY478C3P+a/y72IJukF8LjB6ZHeB3c+Ehacj3sYeSmUXGlnA67/PmbM9CVwL7Dw==",
      "requires": {
        "@nodelib/fs.stat": "2.0.3",
        "run-parallel": "^1.1.9"
      }
    },
    "@nodelib/fs.stat": {
      "version": "2.0.3",
      "resolved": "https://registry.npmjs.org/@nodelib/fs.stat/-/fs.stat-2.0.3.tgz",
      "integrity": "sha512-bQBFruR2TAwoevBEd/NWMoAAtNGzTRgdrqnYCc7dhzfoNvqPzLyqlEQnzZ3kVnNrSp25iyxE00/3h2fqGAGArA=="
    },
    "@nodelib/fs.walk": {
      "version": "1.2.4",
      "resolved": "https://registry.npmjs.org/@nodelib/fs.walk/-/fs.walk-1.2.4.tgz",
      "integrity": "sha512-1V9XOY4rDW0rehzbrcqAmHnz8e7SKvX27gh8Gt2WgB0+pdzdiLV83p72kZPU+jvMbS1qU5mauP2iOvO8rhmurQ==",
      "requires": {
        "@nodelib/fs.scandir": "2.1.3",
        "fastq": "^1.6.0"
      }
    },
    "@tonaljs/abc-notation": {
      "version": "3.5.0",
      "resolved": "https://registry.npmjs.org/@tonaljs/abc-notation/-/abc-notation-3.5.0.tgz",
      "integrity": "sha512-gxECJbFk3Tyun87fqeGP6DVtNijx4nHEl5A77s/xwAwR3MhnvR8nPsOpHjWb4y9V0Msu2N+JMiUyOr+vzKHcFQ==",
      "requires": {
        "@tonaljs/core": "^3.5.0"
      }
    },
    "@tonaljs/array": {
      "version": "3.2.5",
      "resolved": "https://registry.npmjs.org/@tonaljs/array/-/array-3.2.5.tgz",
      "integrity": "sha512-8It+4lUFeG0gUyPIL6t/MXwJPMMAgSN2drHR5Dug5ZmBctr8TmKPwiED5VW7SMPeLnVCWfgTkufbvdBS4cdLjg==",
      "requires": {
        "@tonaljs/core": "^3.5.0"
      }
    },
    "@tonaljs/chord": {
      "version": "3.5.1",
      "resolved": "https://registry.npmjs.org/@tonaljs/chord/-/chord-3.5.1.tgz",
      "integrity": "sha512-71jfhME+r8/W29nN7WzlpAiQzY2FLJ0LkbHgEiyoqE8RaAycBn5wigKfX7bGTSTkNejv+jicGd9psZ/cFNw8NA==",
      "requires": {
        "@tonaljs/chord-detect": "^3.5.1",
        "@tonaljs/chord-type": "^3.5.1",
        "@tonaljs/collection": "^3.5.0",
        "@tonaljs/core": "^3.5.0",
        "@tonaljs/pcset": "^3.5.0",
        "@tonaljs/scale-type": "^3.5.0"
      }
    },
    "@tonaljs/chord-detect": {
      "version": "3.5.1",
      "resolved": "https://registry.npmjs.org/@tonaljs/chord-detect/-/chord-detect-3.5.1.tgz",
      "integrity": "sha512-nHf6yrEE17nbKegste36OzI5qvhdwEXlXVmupTl3fXn37pe5Uv1aYwqeiG5thixGcN5Qs3eAX0+543Tlz9o5aQ==",
      "requires": {
        "@tonaljs/chord-type": "^3.5.1",
        "@tonaljs/core": "^3.5.0",
        "@tonaljs/pcset": "^3.5.0"
      }
    },
    "@tonaljs/chord-type": {
      "version": "3.5.1",
      "resolved": "https://registry.npmjs.org/@tonaljs/chord-type/-/chord-type-3.5.1.tgz",
      "integrity": "sha512-tngP0wpBYBbH2Sge8jRMALTodQKYHcIlAPdBP6E320SlhdsQGrnaU6k3ngewSC6Jtv4w159vc40QiKZ6usLNtA==",
      "requires": {
        "@tonaljs/core": "^3.5.0",
        "@tonaljs/pcset": "^3.5.0"
      }
    },
    "@tonaljs/collection": {
      "version": "3.5.0",
      "resolved": "https://registry.npmjs.org/@tonaljs/collection/-/collection-3.5.0.tgz",
      "integrity": "sha512-Y1p5IzKV43dkQR1fzbQU3I6KYP0o+H2Yo5klEbLp5hh5vZpa/NPHRYnJOxjdejL+C3Pl47oLc1UgK1HG7dwYUA=="
    },
    "@tonaljs/core": {
      "version": "3.5.0",
      "resolved": "https://registry.npmjs.org/@tonaljs/core/-/core-3.5.0.tgz",
      "integrity": "sha512-GVhtW3UDVS/mvC3bRp18BoQtUP+wmEROT0WHmCEBoyQQcYFDmtqkHDvSs065tq+1QuaMY77nxHXsC067oBivaQ=="
    },
    "@tonaljs/duration-value": {
      "version": "3.6.0",
      "resolved": "https://registry.npmjs.org/@tonaljs/duration-value/-/duration-value-3.6.0.tgz",
      "integrity": "sha512-rhiqaWvYBmzBP3nI8ScykyuofcL77PcbFLku8ftKIo3SU07D+plWkIipqR9GYykAjk/4ST3mKBEoJB1Q2qPKDA=="
    },
    "@tonaljs/interval": {
      "version": "3.5.0",
      "resolved": "https://registry.npmjs.org/@tonaljs/interval/-/interval-3.5.0.tgz",
      "integrity": "sha512-G9CbhXoPnepoIn1ZwXA6ZTW6CkttM72PNhJ9o8wpnAtLsuFrPgE8YgwlcfhbVc5rfKqQjz/6bqMdTBvKw+FJ3g==",
      "requires": {
        "@tonaljs/core": "^3.5.0"
      }
    },
    "@tonaljs/key": {
      "version": "3.5.1",
      "resolved": "https://registry.npmjs.org/@tonaljs/key/-/key-3.5.1.tgz",
      "integrity": "sha512-FW3eB3KYpCryT9Mm9XJuZf4eBlrAEA28fh4SecoI9T4WZbGdExGe1xWkCGY7rVcHe/Xg33vnwpGRlFiCeDs88Q==",
      "requires": {
        "@tonaljs/core": "^3.5.0",
        "@tonaljs/note": "^3.5.0",
        "@tonaljs/roman-numeral": "^3.5.0"
      }
    },
    "@tonaljs/midi": {
      "version": "3.5.0",
      "resolved": "https://registry.npmjs.org/@tonaljs/midi/-/midi-3.5.0.tgz",
      "integrity": "sha512-9UUzlDYLwVOlo/GlAN8zzT3HAA/VqRFeE3DqZhpRRu2NYnVrnc3LOUzh28japBOoU0mDKLRk8FVhKriLfDuXdQ==",
      "requires": {
        "@tonaljs/core": "^3.5.0"
      }
    },
    "@tonaljs/mode": {
      "version": "3.5.0",
      "resolved": "https://registry.npmjs.org/@tonaljs/mode/-/mode-3.5.0.tgz",
      "integrity": "sha512-cBgecTDyZD678v5Ct5Y6Bh8FWNnCgHntjsAdKD9vpEsPYx750tgzNo8ZzmdPis6XtpeQz3aEVt2jnZyl955I6A==",
      "requires": {
        "@tonaljs/core": "^3.5.0",
        "@tonaljs/pcset": "^3.5.0"
      }
    },
    "@tonaljs/note": {
      "version": "3.5.0",
      "resolved": "https://registry.npmjs.org/@tonaljs/note/-/note-3.5.0.tgz",
      "integrity": "sha512-QiqJI00JLaXFOp11Nr2HGlYbaqSpAtK7cxr7WwWxl0SldYsoGyQpUMONqLELJh81rbgoIgqLd1dkQeT0o84QwQ==",
      "requires": {
        "@tonaljs/core": "^3.5.0",
        "@tonaljs/midi": "^3.5.0"
      }
    },
    "@tonaljs/pcset": {
      "version": "3.5.0",
      "resolved": "https://registry.npmjs.org/@tonaljs/pcset/-/pcset-3.5.0.tgz",
      "integrity": "sha512-nxr+jxvoDTEsJ1zR/pm6xCjC/6I9cXPw6YuFKA9eJgi0fft25fNLxSeNnreaan7gQ+NDI8e6IffHwruc9rlNjw==",
      "requires": {
        "@tonaljs/collection": "^3.5.0",
        "@tonaljs/core": "^3.5.0"
      }
    },
    "@tonaljs/progression": {
      "version": "3.5.1",
      "resolved": "https://registry.npmjs.org/@tonaljs/progression/-/progression-3.5.1.tgz",
      "integrity": "sha512-xeSJ77k/MaXirAE74YeRITi57Pm254ZCKdzOrtVqYBJz/WN8XggbpWReSAVkj7nBOukcv4V2f7Y1nyqdI2Ykqw==",
      "requires": {
        "@tonaljs/chord": "^3.5.1",
        "@tonaljs/core": "^3.5.0",
        "@tonaljs/roman-numeral": "^3.5.0"
      }
    },
    "@tonaljs/range": {
      "version": "3.5.0",
      "resolved": "https://registry.npmjs.org/@tonaljs/range/-/range-3.5.0.tgz",
      "integrity": "sha512-rR4kvRqWiPsweGWijkRow1kYkIP4lsg3gucziIBvLx0TT8wtQmgWLRaevDh79+mVfjSPU6Uvjke0XFMLaqTvCg==",
      "requires": {
        "@tonaljs/collection": "^3.5.0",
        "@tonaljs/midi": "^3.5.0"
      }
    },
    "@tonaljs/roman-numeral": {
      "version": "3.5.0",
      "resolved": "https://registry.npmjs.org/@tonaljs/roman-numeral/-/roman-numeral-3.5.0.tgz",
      "integrity": "sha512-DXuupn8/uQWUhLXg//aYJJ3P2uirDdyd3pp4e7JkqNxaCDjjJNziZdaoItMl7NWMqZvTlKoIxxf9ojecZcyuEA==",
      "requires": {
        "@tonaljs/core": "^3.5.0"
      }
    },
    "@tonaljs/scale": {
      "version": "3.5.1",
      "resolved": "https://registry.npmjs.org/@tonaljs/scale/-/scale-3.5.1.tgz",
      "integrity": "sha512-+1nGkuLFWiSy82vgASUhDFqDegH6sWZpIRJsvoyjU/aQoAKyN6cw71nak6kPeR4M0+UQ17B8zgybBSVaE7pEEw==",
      "requires": {
        "@tonaljs/chord-type": "^3.5.1",
        "@tonaljs/collection": "^3.5.0",
        "@tonaljs/core": "^3.5.0",
        "@tonaljs/note": "^3.5.0",
        "@tonaljs/pcset": "^3.5.0",
        "@tonaljs/scale-type": "^3.5.0"
      }
    },
    "@tonaljs/scale-type": {
      "version": "3.5.0",
      "resolved": "https://registry.npmjs.org/@tonaljs/scale-type/-/scale-type-3.5.0.tgz",
      "integrity": "sha512-mfFNH8dGWvfX5mcH0ppFPX1w7a6+Wkn2OKiPBqqKQO/LWaNvcXJIPC/xQBUKw9uRTFg2eDQ9P9Lw2r/CaJ8cLg==",
      "requires": {
        "@tonaljs/core": "^3.5.0",
        "@tonaljs/pcset": "^3.5.0"
      }
    },
    "@tonaljs/tonal": {
      "version": "3.6.0",
      "resolved": "https://registry.npmjs.org/@tonaljs/tonal/-/tonal-3.6.0.tgz",
      "integrity": "sha512-9z5Cn8zG0AdI5LDAm1nSR/ZqekGvUCBhpc4cnMY5L2gfFfzXdmJNjrC3pERYO6uMAb/ft9qteD1NFWo5E5f0Pw==",
      "requires": {
        "@tonaljs/abc-notation": "^3.5.0",
        "@tonaljs/array": "^3.2.5",
        "@tonaljs/chord": "^3.5.1",
        "@tonaljs/chord-type": "^3.5.1",
        "@tonaljs/collection": "^3.5.0",
        "@tonaljs/core": "^3.5.0",
        "@tonaljs/duration-value": "^3.6.0",
        "@tonaljs/interval": "^3.5.0",
        "@tonaljs/key": "^3.5.1",
        "@tonaljs/midi": "^3.5.0",
        "@tonaljs/mode": "^3.5.0",
        "@tonaljs/note": "^3.5.0",
        "@tonaljs/pcset": "^3.5.0",
        "@tonaljs/progression": "^3.5.1",
        "@tonaljs/range": "^3.5.0",
        "@tonaljs/roman-numeral": "^3.5.0",
        "@tonaljs/scale": "^3.5.1",
        "@tonaljs/scale-type": "^3.5.0"
      }
    },
    "at-least-node": {
      "version": "1.0.0",
      "resolved": "https://registry.npmjs.org/at-least-node/-/at-least-node-1.0.0.tgz",
      "integrity": "sha512-+q/t7Ekv1EDY2l6Gda6LLiX14rU9TV20Wa3ofeQmwPFZbOMo9DXrLbOjFaaclkXKWidIaopwAObQDqwWtGUjqg=="
    },
    "bignumber.js": {
      "version": "9.0.0",
      "resolved": "https://registry.npmjs.org/bignumber.js/-/bignumber.js-9.0.0.tgz",
      "integrity": "sha512-t/OYhhJ2SD+YGBQcjY8GzzDHEk9f3nerxjtfa6tlMXfe7frs/WozhvCNoGvpM0P3bNf3Gq5ZRMlGr5f3r4/N8A=="
    },
    "braces": {
      "version": "3.0.2",
      "resolved": "https://registry.npmjs.org/braces/-/braces-3.0.2.tgz",
      "integrity": "sha512-b8um+L1RzM3WDSzvhm6gIz1yfTbBt6YTlcEKAvsmqCZZFw46z626lVj9j1yEPW33H5H+lBQpZMP1k8l+78Ha0A==",
      "requires": {
        "fill-range": "^7.0.1"
      }
    },
    "fast-glob": {
      "version": "3.2.2",
      "resolved": "https://registry.npmjs.org/fast-glob/-/fast-glob-3.2.2.tgz",
      "integrity": "sha512-UDV82o4uQyljznxwMxyVRJgZZt3O5wENYojjzbaGEGZgeOxkLFf+V4cnUD+krzb2F72E18RhamkMZ7AdeggF7A==",
      "requires": {
        "@nodelib/fs.stat": "^2.0.2",
        "@nodelib/fs.walk": "^1.2.3",
        "glob-parent": "^5.1.0",
        "merge2": "^1.3.0",
        "micromatch": "^4.0.2",
        "picomatch": "^2.2.1"
      }
    },
    "fastq": {
      "version": "1.7.0",
      "resolved": "https://registry.npmjs.org/fastq/-/fastq-1.7.0.tgz",
      "integrity": "sha512-YOadQRnHd5q6PogvAR/x62BGituF2ufiEA6s8aavQANw5YKHERI4AREboX6KotzP8oX2klxYF2wcV/7bn1clfQ==",
      "requires": {
        "reusify": "^1.0.4"
      }
    },
    "fill-range": {
      "version": "7.0.1",
      "resolved": "https://registry.npmjs.org/fill-range/-/fill-range-7.0.1.tgz",
      "integrity": "sha512-qOo9F+dMUmC2Lcb4BbVvnKJxTPjCm+RRpe4gDuGrzkL7mEVl/djYSu2OdQ2Pa302N4oqkSg9ir6jaLWJ2USVpQ==",
      "requires": {
        "to-regex-range": "^5.0.1"
      }
    },
    "fs-extra": {
      "version": "9.0.0",
      "resolved": "https://registry.npmjs.org/fs-extra/-/fs-extra-9.0.0.tgz",
      "integrity": "sha512-pmEYSk3vYsG/bF651KPUXZ+hvjpgWYw/Gc7W9NFUe3ZVLczKKWIij3IKpOrQcdw4TILtibFslZ0UmR8Vvzig4g==",
      "requires": {
        "at-least-node": "^1.0.0",
        "graceful-fs": "^4.2.0",
        "jsonfile": "^6.0.1",
        "universalify": "^1.0.0"
      },
      "dependencies": {
        "jsonfile": {
          "version": "6.0.1",
          "resolved": "https://registry.npmjs.org/jsonfile/-/jsonfile-6.0.1.tgz",
          "integrity": "sha512-jR2b5v7d2vIOust+w3wtFKZIfpC2pnRmFAhAC/BuweZFQR8qZzxH1OyrQ10HmdVYiXWkYUqPVsz91cG7EL2FBg==",
          "requires": {
            "graceful-fs": "^4.1.6",
            "universalify": "^1.0.0"
          }
        },
        "universalify": {
          "version": "1.0.0",
          "resolved": "https://registry.npmjs.org/universalify/-/universalify-1.0.0.tgz",
          "integrity": "sha512-rb6X1W158d7pRQBg5gkR8uPaSfiids68LTJQYOtEUhoJUWBdaQHsuT/EUduxXYxcrt4r5PJ4fuHW1MHT6p0qug=="
        }
      }
    },
    "glob-parent": {
      "version": "5.1.1",
      "resolved": "https://registry.npmjs.org/glob-parent/-/glob-parent-5.1.1.tgz",
      "integrity": "sha512-FnI+VGOpnlGHWZxthPGR+QhR78fuiK0sNLkHQv+bL9fQi57lNNdquIbna/WrfROrolq8GK5Ek6BiMwqL/voRYQ==",
      "requires": {
        "is-glob": "^4.0.1"
      }
    },
    "graceful-fs": {
      "version": "4.2.3",
      "resolved": "https://registry.npmjs.org/graceful-fs/-/graceful-fs-4.2.3.tgz",
      "integrity": "sha512-a30VEBm4PEdx1dRB7MFK7BejejvCvBronbLjht+sHuGYj8PHs7M/5Z+rt5lw551vZ7yfTCj4Vuyy3mSJytDWRQ=="
    },
    "is-extglob": {
      "version": "2.1.1",
      "resolved": "https://registry.npmjs.org/is-extglob/-/is-extglob-2.1.1.tgz",
      "integrity": "sha1-qIwCU1eR8C7TfHahueqXc8gz+MI="
    },
    "is-glob": {
      "version": "4.0.1",
      "resolved": "https://registry.npmjs.org/is-glob/-/is-glob-4.0.1.tgz",
      "integrity": "sha512-5G0tKtBTFImOqDnLB2hG6Bp2qcKEFduo4tZu9MT/H6NQv/ghhy30o55ufafxJ/LdH79LLs2Kfrn85TLKyA7BUg==",
      "requires": {
        "is-extglob": "^2.1.1"
      }
    },
    "is-number": {
      "version": "7.0.0",
      "resolved": "https://registry.npmjs.org/is-number/-/is-number-7.0.0.tgz",
      "integrity": "sha512-41Cifkg6e8TylSpdtTpeLVMqvSBEVzTttHvERD741+pnZ8ANv0004MRL43QKPDlK9cGvNp6NZWZUBlbGXYxxng=="
    },
    "jsonfile": {
      "version": "5.0.0",
      "resolved": "https://registry.npmjs.org/jsonfile/-/jsonfile-5.0.0.tgz",
      "integrity": "sha512-NQRZ5CRo74MhMMC3/3r5g2k4fjodJ/wh8MxjFbCViWKFjxrnudWSY5vomh+23ZaXzAS7J3fBZIR2dV6WbmfM0w==",
      "requires": {
        "graceful-fs": "^4.1.6",
        "universalify": "^0.1.2"
      }
    },
    "merge2": {
      "version": "1.3.0",
      "resolved": "https://registry.npmjs.org/merge2/-/merge2-1.3.0.tgz",
      "integrity": "sha512-2j4DAdlBOkiSZIsaXk4mTE3sRS02yBHAtfy127xRV3bQUFqXkjHCHLW6Scv7DwNRbIWNHH8zpnz9zMaKXIdvYw=="
    },
    "micromatch": {
      "version": "4.0.2",
      "resolved": "https://registry.npmjs.org/micromatch/-/micromatch-4.0.2.tgz",
      "integrity": "sha512-y7FpHSbMUMoyPbYUSzO6PaZ6FyRnQOpHuKwbo1G+Knck95XVU4QAiKdGEnj5wwoS7PlOgthX/09u5iFJ+aYf5Q==",
      "requires": {
        "braces": "^3.0.1",
        "picomatch": "^2.0.5"
      }
    },
    "path": {
      "version": "0.12.7",
      "resolved": "https://registry.npmjs.org/path/-/path-0.12.7.tgz",
      "integrity": "sha1-1NwqUGxM4hl+tIHr/NWzbAFAsQ8=",
      "requires": {
        "process": "^0.11.1",
        "util": "^0.10.3"
      }
    },
    "picomatch": {
      "version": "2.2.2",
      "resolved": "https://registry.npmjs.org/picomatch/-/picomatch-2.2.2.tgz",
      "integrity": "sha512-q0M/9eZHzmr0AulXyPwNfZjtwZ/RBZlbN3K3CErVrk50T2ASYI7Bye0EvekFY3IP1Nt2DHu0re+V2ZHIpMkuWg=="
    },
    "process": {
      "version": "0.11.10",
      "resolved": "https://registry.npmjs.org/process/-/process-0.11.10.tgz",
      "integrity": "sha1-czIwDoQBYb2j5podHZGn1LwW8YI="
    },
    "reusify": {
      "version": "1.0.4",
      "resolved": "https://registry.npmjs.org/reusify/-/reusify-1.0.4.tgz",
      "integrity": "sha512-U9nH88a3fc/ekCF1l0/UP1IosiuIjyTh7hBvXVMHYgVcfGvt897Xguj2UOLDeI5BG2m7/uwyaLVT6fbtCwTyzw=="
    },
    "run-parallel": {
      "version": "1.1.9",
      "resolved": "https://registry.npmjs.org/run-parallel/-/run-parallel-1.1.9.tgz",
      "integrity": "sha512-DEqnSRTDw/Tc3FXf49zedI638Z9onwUotBMiUFKmrO2sdFKIbXamXGQ3Axd4qgphxKB4kw/qP1w5kTxnfU1B9Q=="
    },
    "seedrandom": {
      "version": "3.0.5",
      "resolved": "https://registry.npmjs.org/seedrandom/-/seedrandom-3.0.5.tgz",
      "integrity": "sha512-8OwmbklUNzwezjGInmZ+2clQmExQPvomqjL7LFqOYqtmuxRgQYqOD3mHaU+MvZn5FLUeVxVfQjwLZW/n/JFuqg=="
    },
    "slash": {
      "version": "3.0.0",
      "resolved": "https://registry.npmjs.org/slash/-/slash-3.0.0.tgz",
      "integrity": "sha512-g9Q1haeby36OSStwb4ntCGGGaKsaVSjQ68fBxoQcutl5fS1vuY18H3wSt3jFyFtrkx+Kz0V1G85A4MyAdDMi2Q=="
    },
    "to-regex-range": {
      "version": "5.0.1",
      "resolved": "https://registry.npmjs.org/to-regex-range/-/to-regex-range-5.0.1.tgz",
      "integrity": "sha512-65P7iz6X5yEr1cwcgvQxbbIw7Uk3gOy5dIdtZ4rDveLqhrdJP+Li/Hx6tyK0NEb+2GCyneCMJiGqrADCSNk8sQ==",
      "requires": {
        "is-number": "^7.0.0"
      }
    },
    "total-serialism": {
      "version": "1.6.8",
      "resolved": "https://registry.npmjs.org/total-serialism/-/total-serialism-1.6.8.tgz",
      "integrity": "sha512-JYjbsd3eO0LXK7a9ywGhTfv+6fgvxz3wArJNqajo+UXaSfpvgyGweCjHkBmlleaxvQnPbUVwXfMBdtTC5RAX4A==",
      "requires": {
        "@tonaljs/tonal": "^3.6.0",
        "bignumber.js": "^9.0.0",
        "jsonfile": "^5.0.0",
        "seedrandom": "^3.0.5"
      }
    },
    "universalify": {
      "version": "0.1.2",
      "resolved": "https://registry.npmjs.org/universalify/-/universalify-0.1.2.tgz",
      "integrity": "sha512-rBJeI5CXAlmy1pV+617WB9J63U6XcazHHF2f2dbJix4XzpUF0RS3Zbj0FGIOCAva5P/d/GBOYaACQ1w+0azUkg=="
    },
    "util": {
      "version": "0.10.4",
      "resolved": "https://registry.npmjs.org/util/-/util-0.10.4.tgz",
      "integrity": "sha512-0Pm9hTQ3se5ll1XihRic3FDIku70C+iHUdT/W926rSgHV5QgXsYbKZN8MSC3tJtSkhuROzvsQjAaFENRXr+19A==",
      "requires": {
        "inherits": "2.0.3"
      },
      "dependencies": {
        "inherits": {
          "version": "2.0.3",
          "resolved": "https://registry.npmjs.org/inherits/-/inherits-2.0.3.tgz",
          "integrity": "sha1-Yzwsg+PaQqUC9SRmAiSA9CCCYd4="
        }
      }
    }
  }
}
